
Microsoft Visual Studio Solution File, Format Version 12.00
# Visual Studio Version 17
VisualStudioVersion = 17.8.34322.80
MinimumVisualStudioVersion = 10.0.40219.1
Project("{FAE04EC0-301F-11D3-BF4B-00C04F79EFBC}") = "asp-django notes", "asp-django notes\asp-django notes.csproj", "{2168E552-8DD9-4211-B02B-58FC6DE0150D}"
EndProject
Global
	GlobalSection(SolutionConfigurationPlatforms) = preSolution
		Debug|Any CPU = Debug|Any CPU
		Release|Any CPU = Release|Any CPU
	EndGlobalSection
	GlobalSection(ProjectConfigurationPlatforms) = postSolution
		{2168E552-8DD9-4211-B02B-58FC6DE0150D}.Debug|Any CPU.ActiveCfg = Debug|Any CPU
		{2168E552-8DD9-4211-B02B-58FC6DE0150D}.Debug|Any CPU.Build.0 = Debug|Any CPU
		{2168E552-8DD9-4211-B02B-58FC6DE0150D}.Release|Any CPU.ActiveCfg = Release|Any CPU
		{2168E552-8DD9-4211-B02B-58FC6DE0150D}.Release|Any CPU.Build.0 = Release|Any CPU
	EndGlobalSection
	GlobalSection(SolutionProperties) = preSolution
		HideSolutionNode = FALSE
	EndGlobalSection
	GlobalSection(ExtensibilityGlobals) = postSolution
		SolutionGuid = {5ABBC858-96DD-4CC5-B448-105D65D7F6A6}
	EndGlobalSection
EndGlobal
